
Microsoft Visual Studio Solution File, Format Version 12.00
# Visual Studio Version 17
VisualStudioVersion = 17.3.32929.385
MinimumVisualStudioVersion = 10.0.40219.1
Project("{FAE04EC0-301F-11D3-BF4B-00C04F79EFBC}") = "APIGBUZhilishnikKuncevo", "APIGBUZhilishnikKuncevo\APIGBUZhilishnikKuncevo.csproj", "{91F5BE5B-D29F-4E61-AC49-148D13D47C25}"
EndProject
Global
	GlobalSection(SolutionConfigurationPlatforms) = preSolution
		Debug|Any CPU = Debug|Any CPU
		Release|Any CPU = Release|Any CPU
	EndGlobalSection
	GlobalSection(ProjectConfigurationPlatforms) = postSolution
		{91F5BE5B-D29F-4E61-AC49-148D13D47C25}.Debug|Any CPU.ActiveCfg = Debug|Any CPU
		{91F5BE5B-D29F-4E61-AC49-148D13D47C25}.Debug|Any CPU.Build.0 = Debug|Any CPU
		{91F5BE5B-D29F-4E61-AC49-148D13D47C25}.Release|Any CPU.ActiveCfg = Release|Any CPU
		{91F5BE5B-D29F-4E61-AC49-148D13D47C25}.Release|Any CPU.Build.0 = Release|Any CPU
	EndGlobalSection
	GlobalSection(SolutionProperties) = preSolution
		HideSolutionNode = FALSE
	EndGlobalSection
	GlobalSection(ExtensibilityGlobals) = postSolution
		SolutionGuid = {CE0F8964-D49C-4F6D-B17D-DA84CB9D7CB9}
	EndGlobalSection
EndGlobal
